
Microsoft Visual Studio Solution File, Format Version 12.00
# Visual Studio 15
VisualStudioVersion = 15.0.26823.1
MinimumVisualStudioVersion = 10.0.40219.1
Project("{9A19103F-16F7-4668-BE54-9A1E7A4F7556}") = "AlexaObjectModel", "AlexaObjectModel\AlexaObjectModel.csproj", "{E43DCAD7-2F85-43D6-8A9D-64EA016B37FA}"
EndProject
Global
	GlobalSection(SolutionConfigurationPlatforms) = preSolution
		Debug|Any CPU = Debug|Any CPU
		Release|Any CPU = Release|Any CPU
	EndGlobalSection
	GlobalSection(ProjectConfigurationPlatforms) = postSolution
		{E43DCAD7-2F85-43D6-8A9D-64EA016B37FA}.Debug|Any CPU.ActiveCfg = Debug|Any CPU
		{E43DCAD7-2F85-43D6-8A9D-64EA016B37FA}.Debug|Any CPU.Build.0 = Debug|Any CPU
		{E43DCAD7-2F85-43D6-8A9D-64EA016B37FA}.Release|Any CPU.ActiveCfg = Release|Any CPU
		{E43DCAD7-2F85-43D6-8A9D-64EA016B37FA}.Release|Any CPU.Build.0 = Release|Any CPU
	EndGlobalSection
	GlobalSection(SolutionProperties) = preSolution
		HideSolutionNode = FALSE
	EndGlobalSection
	GlobalSection(ExtensibilityGlobals) = postSolution
		SolutionGuid = {1E25983C-3343-4B5D-AEE3-2EEDA37653D8}
	EndGlobalSection
EndGlobal
